
Microsoft Visual Studio Solution File, Format Version 12.00
# Visual Studio 15
VisualStudioVersion = 15.0.27428.2027
MinimumVisualStudioVersion = 10.0.40219.1
Project("{FAE04EC0-301F-11D3-BF4B-00C04F79EFBC}") = "Pintle.Swagger", "Pintle.Swagger\Pintle.Swagger.csproj", "{8B786FE8-576C-49EB-9065-BC27DCF43F43}"
EndProject
Global
	GlobalSection(SolutionConfigurationPlatforms) = preSolution
		Debug|Any CPU = Debug|Any CPU
		Release|Any CPU = Release|Any CPU
	EndGlobalSection
	GlobalSection(ProjectConfigurationPlatforms) = postSolution
		{8B786FE8-576C-49EB-9065-BC27DCF43F43}.Debug|Any CPU.ActiveCfg = Debug|Any CPU
		{8B786FE8-576C-49EB-9065-BC27DCF43F43}.Debug|Any CPU.Build.0 = Debug|Any CPU
		{8B786FE8-576C-49EB-9065-BC27DCF43F43}.Release|Any CPU.ActiveCfg = Release|Any CPU
		{8B786FE8-576C-49EB-9065-BC27DCF43F43}.Release|Any CPU.Build.0 = Release|Any CPU
	EndGlobalSection
	GlobalSection(SolutionProperties) = preSolution
		HideSolutionNode = FALSE
	EndGlobalSection
	GlobalSection(ExtensibilityGlobals) = postSolution
		SolutionGuid = {8DDEE5EC-28A2-42B7-A4C9-DC02D571E0BB}
	EndGlobalSection
EndGlobal
